
Microsoft Visual Studio Solution File, Format Version 12.00
# Visual Studio 2012
Project("{FAE04EC0-301F-11D3-BF4B-00C04F79EFBC}") = "WpfAsyncCommand.net40", "WpfAsyncCommand.net40\WpfAsyncCommand.net40.csproj", "{1E031A7F-6B2B-4217-8482-10B6DA9EE3A5}"
EndProject
Project("{FAE04EC0-301F-11D3-BF4B-00C04F79EFBC}") = "WpfAsyncCommand.wp7", "WpfAsyncCommand.wp7\WpfAsyncCommand.wp7.csproj", "{90C13FF8-C4D3-4ACD-B428-9A9E2E13BE2E}"
EndProject
Global
	GlobalSection(SolutionConfigurationPlatforms) = preSolution
		Debug|Any CPU = Debug|Any CPU
		Release|Any CPU = Release|Any CPU
	EndGlobalSection
	GlobalSection(ProjectConfigurationPlatforms) = postSolution
		{1E031A7F-6B2B-4217-8482-10B6DA9EE3A5}.Debug|Any CPU.ActiveCfg = Debug|Any CPU
		{1E031A7F-6B2B-4217-8482-10B6DA9EE3A5}.Debug|Any CPU.Build.0 = Debug|Any CPU
		{1E031A7F-6B2B-4217-8482-10B6DA9EE3A5}.Release|Any CPU.ActiveCfg = Release|Any CPU
		{1E031A7F-6B2B-4217-8482-10B6DA9EE3A5}.Release|Any CPU.Build.0 = Release|Any CPU
		{90C13FF8-C4D3-4ACD-B428-9A9E2E13BE2E}.Debug|Any CPU.ActiveCfg = Debug|Any CPU
		{90C13FF8-C4D3-4ACD-B428-9A9E2E13BE2E}.Debug|Any CPU.Build.0 = Debug|Any CPU
		{90C13FF8-C4D3-4ACD-B428-9A9E2E13BE2E}.Release|Any CPU.ActiveCfg = Release|Any CPU
		{90C13FF8-C4D3-4ACD-B428-9A9E2E13BE2E}.Release|Any CPU.Build.0 = Release|Any CPU
	EndGlobalSection
	GlobalSection(SolutionProperties) = preSolution
		HideSolutionNode = FALSE
	EndGlobalSection
EndGlobal
